
Microsoft Visual Studio Solution File, Format Version 12.00
# Visual Studio 15
VisualStudioVersion = 15.0.26430.12
MinimumVisualStudioVersion = 10.0.40219.1
Project("{FAE04EC0-301F-11D3-BF4B-00C04F79EFBC}") = "LifeService", "LifeService\LifeService.csproj", "{F53A59A4-3BC9-47F0-B74B-0E6611F387AB}"
EndProject
Project("{FAE04EC0-301F-11D3-BF4B-00C04F79EFBC}") = "DesktopWeather", "DesktopWeather\DesktopWeather.csproj", "{7DE1D835-86D6-4484-B0AD-62A27A2E8728}"
EndProject
Project("{FAE04EC0-301F-11D3-BF4B-00C04F79EFBC}") = "InstallerService", "InstallerService\InstallerService.csproj", "{4B0DBA16-C69E-4A38-BCC2-798CFBF87A27}"
EndProject
Project("{54435603-DBB4-11D2-8724-00A0C9A8B90C}") = "DesktopWeatherSetup", "DesktopWeatherSetup\DesktopWeatherSetup.vdproj", "{B4DB64EF-7566-448B-B446-61640C1DFF9A}"
EndProject
Global
	GlobalSection(SolutionConfigurationPlatforms) = preSolution
		Ad-Hoc|Any CPU = Ad-Hoc|Any CPU
		Ad-Hoc|ARM = Ad-Hoc|ARM
		Ad-Hoc|iPhone = Ad-Hoc|iPhone
		Ad-Hoc|iPhoneSimulator = Ad-Hoc|iPhoneSimulator
		Ad-Hoc|x64 = Ad-Hoc|x64
		Ad-Hoc|x86 = Ad-Hoc|x86
		AppStore|Any CPU = AppStore|Any CPU
		AppStore|ARM = AppStore|ARM
		AppStore|iPhone = AppStore|iPhone
		AppStore|iPhoneSimulator = AppStore|iPhoneSimulator
		AppStore|x64 = AppStore|x64
		AppStore|x86 = AppStore|x86
		Debug|Any CPU = Debug|Any CPU
		Debug|ARM = Debug|ARM
		Debug|iPhone = Debug|iPhone
		Debug|iPhoneSimulator = Debug|iPhoneSimulator
		Debug|x64 = Debug|x64
		Debug|x86 = Debug|x86
		Release|Any CPU = Release|Any CPU
		Release|ARM = Release|ARM
		Release|iPhone = Release|iPhone
		Release|iPhoneSimulator = Release|iPhoneSimulator
		Release|x64 = Release|x64
		Release|x86 = Release|x86
	EndGlobalSection
	GlobalSection(ProjectConfigurationPlatforms) = postSolution
		{F53A59A4-3BC9-47F0-B74B-0E6611F387AB}.Ad-Hoc|Any CPU.ActiveCfg = Release|Any CPU
		{F53A59A4-3BC9-47F0-B74B-0E6611F387AB}.Ad-Hoc|Any CPU.Build.0 = Release|Any CPU
		{F53A59A4-3BC9-47F0-B74B-0E6611F387AB}.Ad-Hoc|ARM.ActiveCfg = Release|Any CPU
		{F53A59A4-3BC9-47F0-B74B-0E6611F387AB}.Ad-Hoc|ARM.Build.0 = Release|Any CPU
		{F53A59A4-3BC9-47F0-B74B-0E6611F387AB}.Ad-Hoc|iPhone.ActiveCfg = Release|Any CPU
		{F53A59A4-3BC9-47F0-B74B-0E6611F387AB}.Ad-Hoc|iPhone.Build.0 = Release|Any CPU
		{F53A59A4-3BC9-47F0-B74B-0E6611F387AB}.Ad-Hoc|iPhoneSimulator.ActiveCfg = Release|Any CPU
		{F53A59A4-3BC9-47F0-B74B-0E6611F387AB}.Ad-Hoc|iPhoneSimulator.Build.0 = Release|Any CPU
		{F53A59A4-3BC9-47F0-B74B-0E6611F387AB}.Ad-Hoc|x64.ActiveCfg = Release|Any CPU
		{F53A59A4-3BC9-47F0-B74B-0E6611F387AB}.Ad-Hoc|x64.Build.0 = Release|Any CPU
		{F53A59A4-3BC9-47F0-B74B-0E6611F387AB}.Ad-Hoc|x86.ActiveCfg = Release|Any CPU
		{F53A59A4-3BC9-47F0-B74B-0E6611F387AB}.Ad-Hoc|x86.Build.0 = Release|Any CPU
		{F53A59A4-3BC9-47F0-B74B-0E6611F387AB}.AppStore|Any CPU.ActiveCfg = Release|Any CPU
		{F53A59A4-3BC9-47F0-B74B-0E6611F387AB}.AppStore|Any CPU.Build.0 = Release|Any CPU
		{F53A59A4-3BC9-47F0-B74B-0E6611F387AB}.AppStore|ARM.ActiveCfg = Release|Any CPU
		{F53A59A4-3BC9-47F0-B74B-0E6611F387AB}.AppStore|ARM.Build.0 = Release|Any CPU
		{F53A59A4-3BC9-47F0-B74B-0E6611F387AB}.AppStore|iPhone.ActiveCfg = Release|Any CPU
		{F53A59A4-3BC9-47F0-B74B-0E6611F387AB}.AppStore|iPhone.Build.0 = Release|Any CPU
		{F53A59A4-3BC9-47F0-B74B-0E6611F387AB}.AppStore|iPhoneSimulator.ActiveCfg = Release|Any CPU
		{F53A59A4-3BC9-47F0-B74B-0E6611F387AB}.AppStore|iPhoneSimulator.Build.0 = Release|Any CPU
		{F53A59A4-3BC9-47F0-B74B-0E6611F387AB}.AppStore|x64.ActiveCfg = Release|Any CPU
		{F53A59A4-3BC9-47F0-B74B-0E6611F387AB}.AppStore|x64.Build.0 = Release|Any CPU
		{F53A59A4-3BC9-47F0-B74B-0E6611F387AB}.AppStore|x86.ActiveCfg = Release|Any CPU
		{F53A59A4-3BC9-47F0-B74B-0E6611F387AB}.AppStore|x86.Build.0 = Release|Any CPU
		{F53A59A4-3BC9-47F0-B74B-0E6611F387AB}.Debug|Any CPU.ActiveCfg = Debug|Any CPU
		{F53A59A4-3BC9-47F0-B74B-0E6611F387AB}.Debug|Any CPU.Build.0 = Debug|Any CPU
		{F53A59A4-3BC9-47F0-B74B-0E6611F387AB}.Debug|ARM.ActiveCfg = Debug|Any CPU
		{F53A59A4-3BC9-47F0-B74B-0E6611F387AB}.Debug|ARM.Build.0 = Debug|Any CPU
		{F53A59A4-3BC9-47F0-B74B-0E6611F387AB}.Debug|iPhone.ActiveCfg = Debug|Any CPU
		{F53A59A4-3BC9-47F0-B74B-0E6611F387AB}.Debug|iPhone.Build.0 = Debug|Any CPU
		{F53A59A4-3BC9-47F0-B74B-0E6611F387AB}.Debug|iPhoneSimulator.ActiveCfg = Debug|Any CPU
		{F53A59A4-3BC9-47F0-B74B-0E6611F387AB}.Debug|iPhoneSimulator.Build.0 = Debug|Any CPU
		{F53A59A4-3BC9-47F0-B74B-0E6611F387AB}.Debug|x64.ActiveCfg = Debug|Any CPU
		{F53A59A4-3BC9-47F0-B74B-0E6611F387AB}.Debug|x64.Build.0 = Debug|Any CPU
		{F53A59A4-3BC9-47F0-B74B-0E6611F387AB}.Debug|x86.ActiveCfg = Debug|Any CPU
		{F53A59A4-3BC9-47F0-B74B-0E6611F387AB}.Debug|x86.Build.0 = Debug|Any CPU
		{F53A59A4-3BC9-47F0-B74B-0E6611F387AB}.Release|Any CPU.ActiveCfg = Release|Any CPU
		{F53A59A4-3BC9-47F0-B74B-0E6611F387AB}.Release|Any CPU.Build.0 = Release|Any CPU
		{F53A59A4-3BC9-47F0-B74B-0E6611F387AB}.Release|ARM.ActiveCfg = Release|Any CPU
		{F53A59A4-3BC9-47F0-B74B-0E6611F387AB}.Release|ARM.Build.0 = Release|Any CPU
		{F53A59A4-3BC9-47F0-B74B-0E6611F387AB}.Release|iPhone.ActiveCfg = Release|Any CPU
		{F53A59A4-3BC9-47F0-B74B-0E6611F387AB}.Release|iPhone.Build.0 = Release|Any CPU
		{F53A59A4-3BC9-47F0-B74B-0E6611F387AB}.Release|iPhoneSimulator.ActiveCfg = Release|Any CPU
		{F53A59A4-3BC9-47F0-B74B-0E6611F387AB}.Release|iPhoneSimulator.Build.0 = Release|Any CPU
		{F53A59A4-3BC9-47F0-B74B-0E6611F387AB}.Release|x64.ActiveCfg = Release|Any CPU
		{F53A59A4-3BC9-47F0-B74B-0E6611F387AB}.Release|x64.Build.0 = Release|Any CPU
		{F53A59A4-3BC9-47F0-B74B-0E6611F387AB}.Release|x86.ActiveCfg = Release|Any CPU
		{F53A59A4-3BC9-47F0-B74B-0E6611F387AB}.Release|x86.Build.0 = Release|Any CPU
		{7DE1D835-86D6-4484-B0AD-62A27A2E8728}.Ad-Hoc|Any CPU.ActiveCfg = Release|Any CPU
		{7DE1D835-86D6-4484-B0AD-62A27A2E8728}.Ad-Hoc|Any CPU.Build.0 = Release|Any CPU
		{7DE1D835-86D6-4484-B0AD-62A27A2E8728}.Ad-Hoc|ARM.ActiveCfg = Release|Any CPU
		{7DE1D835-86D6-4484-B0AD-62A27A2E8728}.Ad-Hoc|ARM.Build.0 = Release|Any CPU
		{7DE1D835-86D6-4484-B0AD-62A27A2E8728}.Ad-Hoc|iPhone.ActiveCfg = Release|Any CPU
		{7DE1D835-86D6-4484-B0AD-62A27A2E8728}.Ad-Hoc|iPhone.Build.0 = Release|Any CPU
		{7DE1D835-86D6-4484-B0AD-62A27A2E8728}.Ad-Hoc|iPhoneSimulator.ActiveCfg = Release|Any CPU
		{7DE1D835-86D6-4484-B0AD-62A27A2E8728}.Ad-Hoc|iPhoneSimulator.Build.0 = Release|Any CPU
		{7DE1D835-86D6-4484-B0AD-62A27A2E8728}.Ad-Hoc|x64.ActiveCfg = Release|Any CPU
		{7DE1D835-86D6-4484-B0AD-62A27A2E8728}.Ad-Hoc|x64.Build.0 = Release|Any CPU
		{7DE1D835-86D6-4484-B0AD-62A27A2E8728}.Ad-Hoc|x86.ActiveCfg = Release|Any CPU
		{7DE1D835-86D6-4484-B0AD-62A27A2E8728}.Ad-Hoc|x86.Build.0 = Release|Any CPU
		{7DE1D835-86D6-4484-B0AD-62A27A2E8728}.AppStore|Any CPU.ActiveCfg = Release|Any CPU
		{7DE1D835-86D6-4484-B0AD-62A27A2E8728}.AppStore|Any CPU.Build.0 = Release|Any CPU
		{7DE1D835-86D6-4484-B0AD-62A27A2E8728}.AppStore|ARM.ActiveCfg = Release|Any CPU
		{7DE1D835-86D6-4484-B0AD-62A27A2E8728}.AppStore|ARM.Build.0 = Release|Any CPU
		{7DE1D835-86D6-4484-B0AD-62A27A2E8728}.AppStore|iPhone.ActiveCfg = Release|Any CPU
		{7DE1D835-86D6-4484-B0AD-62A27A2E8728}.AppStore|iPhone.Build.0 = Release|Any CPU
		{7DE1D835-86D6-4484-B0AD-62A27A2E8728}.AppStore|iPhoneSimulator.ActiveCfg = Release|Any CPU
		{7DE1D835-86D6-4484-B0AD-62A27A2E8728}.AppStore|iPhoneSimulator.Build.0 = Release|Any CPU
		{7DE1D835-86D6-4484-B0AD-62A27A2E8728}.AppStore|x64.ActiveCfg = Release|Any CPU
		{7DE1D835-86D6-4484-B0AD-62A27A2E8728}.AppStore|x64.Build.0 = Release|Any CPU
		{7DE1D835-86D6-4484-B0AD-62A27A2E8728}.AppStore|x86.ActiveCfg = Release|Any CPU
		{7DE1D835-86D6-4484-B0AD-62A27A2E8728}.AppStore|x86.Build.0 = Release|Any CPU
		{7DE1D835-86D6-4484-B0AD-62A27A2E8728}.Debug|Any CPU.ActiveCfg = Debug|Any CPU
		{7DE1D835-86D6-4484-B0AD-62A27A2E8728}.Debug|Any CPU.Build.0 = Debug|Any CPU
		{7DE1D835-86D6-4484-B0AD-62A27A2E8728}.Debug|ARM.ActiveCfg = Debug|Any CPU
		{7DE1D835-86D6-4484-B0AD-62A27A2E8728}.Debug|ARM.Build.0 = Debug|Any CPU
		{7DE1D835-86D6-4484-B0AD-62A27A2E8728}.Debug|iPhone.ActiveCfg = Debug|Any CPU
		{7DE1D835-86D6-4484-B0AD-62A27A2E8728}.Debug|iPhone.Build.0 = Debug|Any CPU
		{7DE1D835-86D6-4484-B0AD-62A27A2E8728}.Debug|iPhoneSimulator.ActiveCfg = Debug|Any CPU
		{7DE1D835-86D6-4484-B0AD-62A27A2E8728}.Debug|iPhoneSimulator.Build.0 = Debug|Any CPU
		{7DE1D835-86D6-4484-B0AD-62A27A2E8728}.Debug|x64.ActiveCfg = Debug|Any CPU
		{7DE1D835-86D6-4484-B0AD-62A27A2E8728}.Debug|x64.Build.0 = Debug|Any CPU
		{7DE1D835-86D6-4484-B0AD-62A27A2E8728}.Debug|x86.ActiveCfg = Debug|Any CPU
		{7DE1D835-86D6-4484-B0AD-62A27A2E8728}.Debug|x86.Build.0 = Debug|Any CPU
		{7DE1D835-86D6-4484-B0AD-62A27A2E8728}.Release|Any CPU.ActiveCfg = Release|Any CPU
		{7DE1D835-86D6-4484-B0AD-62A27A2E8728}.Release|Any CPU.Build.0 = Release|Any CPU
		{7DE1D835-86D6-4484-B0AD-62A27A2E8728}.Release|ARM.ActiveCfg = Release|Any CPU
		{7DE1D835-86D6-4484-B0AD-62A27A2E8728}.Release|ARM.Build.0 = Release|Any CPU
		{7DE1D835-86D6-4484-B0AD-62A27A2E8728}.Release|iPhone.ActiveCfg = Release|Any CPU
		{7DE1D835-86D6-4484-B0AD-62A27A2E8728}.Release|iPhone.Build.0 = Release|Any CPU
		{7DE1D835-86D6-4484-B0AD-62A27A2E8728}.Release|iPhoneSimulator.ActiveCfg = Release|Any CPU
		{7DE1D835-86D6-4484-B0AD-62A27A2E8728}.Release|iPhoneSimulator.Build.0 = Release|Any CPU
		{7DE1D835-86D6-4484-B0AD-62A27A2E8728}.Release|x64.ActiveCfg = Release|Any CPU
		{7DE1D835-86D6-4484-B0AD-62A27A2E8728}.Release|x64.Build.0 = Release|Any CPU
		{7DE1D835-86D6-4484-B0AD-62A27A2E8728}.Release|x86.ActiveCfg = Release|Any CPU
		{7DE1D835-86D6-4484-B0AD-62A27A2E8728}.Release|x86.Build.0 = Release|Any CPU
		{4B0DBA16-C69E-4A38-BCC2-798CFBF87A27}.Ad-Hoc|Any CPU.ActiveCfg = Release|Any CPU
		{4B0DBA16-C69E-4A38-BCC2-798CFBF87A27}.Ad-Hoc|Any CPU.Build.0 = Release|Any CPU
		{4B0DBA16-C69E-4A38-BCC2-798CFBF87A27}.Ad-Hoc|ARM.ActiveCfg = Release|Any CPU
		{4B0DBA16-C69E-4A38-BCC2-798CFBF87A27}.Ad-Hoc|ARM.Build.0 = Release|Any CPU
		{4B0DBA16-C69E-4A38-BCC2-798CFBF87A27}.Ad-Hoc|iPhone.ActiveCfg = Release|Any CPU
		{4B0DBA16-C69E-4A38-BCC2-798CFBF87A27}.Ad-Hoc|iPhone.Build.0 = Release|Any CPU
		{4B0DBA16-C69E-4A38-BCC2-798CFBF87A27}.Ad-Hoc|iPhoneSimulator.ActiveCfg = Release|Any CPU
		{4B0DBA16-C69E-4A38-BCC2-798CFBF87A27}.Ad-Hoc|iPhoneSimulator.Build.0 = Release|Any CPU
		{4B0DBA16-C69E-4A38-BCC2-798CFBF87A27}.Ad-Hoc|x64.ActiveCfg = Release|Any CPU
		{4B0DBA16-C69E-4A38-BCC2-798CFBF87A27}.Ad-Hoc|x64.Build.0 = Release|Any CPU
		{4B0DBA16-C69E-4A38-BCC2-798CFBF87A27}.Ad-Hoc|x86.ActiveCfg = Release|Any CPU
		{4B0DBA16-C69E-4A38-BCC2-798CFBF87A27}.Ad-Hoc|x86.Build.0 = Release|Any CPU
		{4B0DBA16-C69E-4A38-BCC2-798CFBF87A27}.AppStore|Any CPU.ActiveCfg = Release|Any CPU
		{4B0DBA16-C69E-4A38-BCC2-798CFBF87A27}.AppStore|Any CPU.Build.0 = Release|Any CPU
		{4B0DBA16-C69E-4A38-BCC2-798CFBF87A27}.AppStore|ARM.ActiveCfg = Release|Any CPU
		{4B0DBA16-C69E-4A38-BCC2-798CFBF87A27}.AppStore|ARM.Build.0 = Release|Any CPU
		{4B0DBA16-C69E-4A38-BCC2-798CFBF87A27}.AppStore|iPhone.ActiveCfg = Release|Any CPU
		{4B0DBA16-C69E-4A38-BCC2-798CFBF87A27}.AppStore|iPhone.Build.0 = Release|Any CPU
		{4B0DBA16-C69E-4A38-BCC2-798CFBF87A27}.AppStore|iPhoneSimulator.ActiveCfg = Release|Any CPU
		{4B0DBA16-C69E-4A38-BCC2-798CFBF87A27}.AppStore|iPhoneSimulator.Build.0 = Release|Any CPU
		{4B0DBA16-C69E-4A38-BCC2-798CFBF87A27}.AppStore|x64.ActiveCfg = Release|Any CPU
		{4B0DBA16-C69E-4A38-BCC2-798CFBF87A27}.AppStore|x64.Build.0 = Release|Any CPU
		{4B0DBA16-C69E-4A38-BCC2-798CFBF87A27}.AppStore|x86.ActiveCfg = Release|Any CPU
		{4B0DBA16-C69E-4A38-BCC2-798CFBF87A27}.AppStore|x86.Build.0 = Release|Any CPU
		{4B0DBA16-C69E-4A38-BCC2-798CFBF87A27}.Debug|Any CPU.ActiveCfg = Debug|Any CPU
		{4B0DBA16-C69E-4A38-BCC2-798CFBF87A27}.Debug|Any CPU.Build.0 = Debug|Any CPU
		{4B0DBA16-C69E-4A38-BCC2-798CFBF87A27}.Debug|ARM.ActiveCfg = Debug|Any CPU
		{4B0DBA16-C69E-4A38-BCC2-798CFBF87A27}.Debug|ARM.Build.0 = Debug|Any CPU
		{4B0DBA16-C69E-4A38-BCC2-798CFBF87A27}.Debug|iPhone.ActiveCfg = Debug|Any CPU
		{4B0DBA16-C69E-4A38-BCC2-798CFBF87A27}.Debug|iPhone.Build.0 = Debug|Any CPU
		{4B0DBA16-C69E-4A38-BCC2-798CFBF87A27}.Debug|iPhoneSimulator.ActiveCfg = Debug|Any CPU
		{4B0DBA16-C69E-4A38-BCC2-798CFBF87A27}.Debug|iPhoneSimulator.Build.0 = Debug|Any CPU
		{4B0DBA16-C69E-4A38-BCC2-798CFBF87A27}.Debug|x64.ActiveCfg = Debug|Any CPU
		{4B0DBA16-C69E-4A38-BCC2-798CFBF87A27}.Debug|x64.Build.0 = Debug|Any CPU
		{4B0DBA16-C69E-4A38-BCC2-798CFBF87A27}.Debug|x86.ActiveCfg = Debug|Any CPU
		{4B0DBA16-C69E-4A38-BCC2-798CFBF87A27}.Debug|x86.Build.0 = Debug|Any CPU
		{4B0DBA16-C69E-4A38-BCC2-798CFBF87A27}.Release|Any CPU.ActiveCfg = Release|Any CPU
		{4B0DBA16-C69E-4A38-BCC2-798CFBF87A27}.Release|Any CPU.Build.0 = Release|Any CPU
		{4B0DBA16-C69E-4A38-BCC2-798CFBF87A27}.Release|ARM.ActiveCfg = Release|Any CPU
		{4B0DBA16-C69E-4A38-BCC2-798CFBF87A27}.Release|ARM.Build.0 = Release|Any CPU
		{4B0DBA16-C69E-4A38-BCC2-798CFBF87A27}.Release|iPhone.ActiveCfg = Release|Any CPU
		{4B0DBA16-C69E-4A38-BCC2-798CFBF87A27}.Release|iPhone.Build.0 = Release|Any CPU
		{4B0DBA16-C69E-4A38-BCC2-798CFBF87A27}.Release|iPhoneSimulator.ActiveCfg = Release|Any CPU
		{4B0DBA16-C69E-4A38-BCC2-798CFBF87A27}.Release|iPhoneSimulator.Build.0 = Release|Any CPU
		{4B0DBA16-C69E-4A38-BCC2-798CFBF87A27}.Release|x64.ActiveCfg = Release|Any CPU
		{4B0DBA16-C69E-4A38-BCC2-798CFBF87A27}.Release|x64.Build.0 = Release|Any CPU
		{4B0DBA16-C69E-4A38-BCC2-798CFBF87A27}.Release|x86.ActiveCfg = Release|Any CPU
		{4B0DBA16-C69E-4A38-BCC2-798CFBF87A27}.Release|x86.Build.0 = Release|Any CPU
		{B4DB64EF-7566-448B-B446-61640C1DFF9A}.Ad-Hoc|Any CPU.ActiveCfg = Release
		{B4DB64EF-7566-448B-B446-61640C1DFF9A}.Ad-Hoc|ARM.ActiveCfg = Release
		{B4DB64EF-7566-448B-B446-61640C1DFF9A}.Ad-Hoc|iPhone.ActiveCfg = Release
		{B4DB64EF-7566-448B-B446-61640C1DFF9A}.Ad-Hoc|iPhoneSimulator.ActiveCfg = Release
		{B4DB64EF-7566-448B-B446-61640C1DFF9A}.Ad-Hoc|x64.ActiveCfg = Release
		{B4DB64EF-7566-448B-B446-61640C1DFF9A}.Ad-Hoc|x86.ActiveCfg = Release
		{B4DB64EF-7566-448B-B446-61640C1DFF9A}.AppStore|Any CPU.ActiveCfg = Release
		{B4DB64EF-7566-448B-B446-61640C1DFF9A}.AppStore|ARM.ActiveCfg = Release
		{B4DB64EF-7566-448B-B446-61640C1DFF9A}.AppStore|iPhone.ActiveCfg = Release
		{B4DB64EF-7566-448B-B446-61640C1DFF9A}.AppStore|iPhoneSimulator.ActiveCfg = Release
		{B4DB64EF-7566-448B-B446-61640C1DFF9A}.AppStore|x64.ActiveCfg = Release
		{B4DB64EF-7566-448B-B446-61640C1DFF9A}.AppStore|x86.ActiveCfg = Release
		{B4DB64EF-7566-448B-B446-61640C1DFF9A}.Debug|Any CPU.ActiveCfg = Debug
		{B4DB64EF-7566-448B-B446-61640C1DFF9A}.Debug|ARM.ActiveCfg = Debug
		{B4DB64EF-7566-448B-B446-61640C1DFF9A}.Debug|iPhone.ActiveCfg = Debug
		{B4DB64EF-7566-448B-B446-61640C1DFF9A}.Debug|iPhoneSimulator.ActiveCfg = Debug
		{B4DB64EF-7566-448B-B446-61640C1DFF9A}.Debug|x64.ActiveCfg = Debug
		{B4DB64EF-7566-448B-B446-61640C1DFF9A}.Debug|x86.ActiveCfg = Debug
		{B4DB64EF-7566-448B-B446-61640C1DFF9A}.Release|Any CPU.ActiveCfg = Release
		{B4DB64EF-7566-448B-B446-61640C1DFF9A}.Release|ARM.ActiveCfg = Release
		{B4DB64EF-7566-448B-B446-61640C1DFF9A}.Release|iPhone.ActiveCfg = Release
		{B4DB64EF-7566-448B-B446-61640C1DFF9A}.Release|iPhoneSimulator.ActiveCfg = Release
		{B4DB64EF-7566-448B-B446-61640C1DFF9A}.Release|x64.ActiveCfg = Release
		{B4DB64EF-7566-448B-B446-61640C1DFF9A}.Release|x86.ActiveCfg = Release
	EndGlobalSection
	GlobalSection(SolutionProperties) = preSolution
		HideSolutionNode = FALSE
	EndGlobalSection
EndGlobal
